
Microsoft Visual Studio Solution File, Format Version 12.00
# Visual Studio Version 17
VisualStudioVersion = 17.12.35707.178
MinimumVisualStudioVersion = 10.0.40219.1
Project("{FAE04EC0-301F-11D3-BF4B-00C04F79EFBC}") = "SecretAgentMan", "SecretAgentMan\SecretAgentMan.csproj", "{D468AEC6-8354-4830-84AB-16468C9F07BA}"
EndProject
Project("{2150E333-8FDC-42A3-9474-1A3956D46DE8}") = "Solution Items", "Solution Items", "{1DB69820-B440-487D-B63A-65E6BEC338FC}"
	ProjectSection(SolutionItems) = preProject
		..\README.md = ..\README.md
		cheats.md = cheats.md
	EndProjectSection
EndProject
Project("{FAE04EC0-301F-11D3-BF4B-00C04F79EFBC}") = "SecretAgentManLoader", "SecretAgentManLoader\SecretAgentManLoader.csproj", "{91625E5A-0B95-4928-8937-B5F678260274}"
EndProject
Global
	GlobalSection(SolutionConfigurationPlatforms) = preSolution
		Debug|Any CPU = Debug|Any CPU
		Release|Any CPU = Release|Any CPU
	EndGlobalSection
	GlobalSection(ProjectConfigurationPlatforms) = postSolution
		{D468AEC6-8354-4830-84AB-16468C9F07BA}.Debug|Any CPU.ActiveCfg = Debug|Any CPU
		{D468AEC6-8354-4830-84AB-16468C9F07BA}.Debug|Any CPU.Build.0 = Debug|Any CPU
		{D468AEC6-8354-4830-84AB-16468C9F07BA}.Release|Any CPU.ActiveCfg = Release|Any CPU
		{D468AEC6-8354-4830-84AB-16468C9F07BA}.Release|Any CPU.Build.0 = Release|Any CPU
		{91625E5A-0B95-4928-8937-B5F678260274}.Debug|Any CPU.ActiveCfg = Debug|Any CPU
		{91625E5A-0B95-4928-8937-B5F678260274}.Debug|Any CPU.Build.0 = Debug|Any CPU
		{91625E5A-0B95-4928-8937-B5F678260274}.Release|Any CPU.ActiveCfg = Release|Any CPU
		{91625E5A-0B95-4928-8937-B5F678260274}.Release|Any CPU.Build.0 = Release|Any CPU
	EndGlobalSection
	GlobalSection(SolutionProperties) = preSolution
		HideSolutionNode = FALSE
	EndGlobalSection
	GlobalSection(ExtensibilityGlobals) = postSolution
		SolutionGuid = {51ABD15E-AA8B-4109-83F0-22689955CDBF}
	EndGlobalSection
EndGlobal
